
Microsoft Visual Studio Solution File, Format Version 12.00
# Visual Studio Version 17
VisualStudioVersion = 17.4.33110.190
MinimumVisualStudioVersion = 10.0.40219.1
Project("{9A19103F-16F7-4668-BE54-9A1E7A4F7556}") = "OrderService", "OrderService\OrderService.csproj", "{061807BD-1F21-4C5E-9C6E-11D789CBE1F1}"
EndProject
Project("{9A19103F-16F7-4668-BE54-9A1E7A4F7556}") = "StockService", "StockService\StockService.csproj", "{960D6E29-2BBC-427B-8BC8-DA446ED063F5}"
EndProject
Project("{2150E333-8FDC-42A3-9474-1A3956D46DE8}") = "Docker-compose", "Docker-compose", "{EE68210D-F622-4837-8737-3F1C10B86E9D}"
	ProjectSection(SolutionItems) = preProject
		docker-compose.override.yml = docker-compose.override.yml
		docker-compose.yml = docker-compose.yml
	EndProjectSection
EndProject
Global
	GlobalSection(SolutionConfigurationPlatforms) = preSolution
		Debug|Any CPU = Debug|Any CPU
		Release|Any CPU = Release|Any CPU
	EndGlobalSection
	GlobalSection(ProjectConfigurationPlatforms) = postSolution
		{061807BD-1F21-4C5E-9C6E-11D789CBE1F1}.Debug|Any CPU.ActiveCfg = Debug|Any CPU
		{061807BD-1F21-4C5E-9C6E-11D789CBE1F1}.Debug|Any CPU.Build.0 = Debug|Any CPU
		{061807BD-1F21-4C5E-9C6E-11D789CBE1F1}.Release|Any CPU.ActiveCfg = Release|Any CPU
		{061807BD-1F21-4C5E-9C6E-11D789CBE1F1}.Release|Any CPU.Build.0 = Release|Any CPU
		{960D6E29-2BBC-427B-8BC8-DA446ED063F5}.Debug|Any CPU.ActiveCfg = Debug|Any CPU
		{960D6E29-2BBC-427B-8BC8-DA446ED063F5}.Debug|Any CPU.Build.0 = Debug|Any CPU
		{960D6E29-2BBC-427B-8BC8-DA446ED063F5}.Release|Any CPU.ActiveCfg = Release|Any CPU
		{960D6E29-2BBC-427B-8BC8-DA446ED063F5}.Release|Any CPU.Build.0 = Release|Any CPU
	EndGlobalSection
	GlobalSection(SolutionProperties) = preSolution
		HideSolutionNode = FALSE
	EndGlobalSection
	GlobalSection(ExtensibilityGlobals) = postSolution
		SolutionGuid = {B9752713-2257-4987-B408-3EB67FAABF63}
	EndGlobalSection
EndGlobal
